
Microsoft Visual Studio Solution File, Format Version 12.00
# Visual Studio Version 17
VisualStudioVersion = 17.4.33213.308
MinimumVisualStudioVersion = 10.0.40219.1
Project("{FAE04EC0-301F-11D3-BF4B-00C04F79EFBC}") = "DMXServer", "DMXServer.csproj", "{367AE4FC-7361-4275-926D-885BC2376B3A}"
EndProject
Global
	GlobalSection(SolutionConfigurationPlatforms) = preSolution
		Debug|Any CPU = Debug|Any CPU
		Release|Any CPU = Release|Any CPU
	EndGlobalSection
	GlobalSection(ProjectConfigurationPlatforms) = postSolution
		{367AE4FC-7361-4275-926D-885BC2376B3A}.Debug|Any CPU.ActiveCfg = Debug|Any CPU
		{367AE4FC-7361-4275-926D-885BC2376B3A}.Debug|Any CPU.Build.0 = Debug|Any CPU
		{367AE4FC-7361-4275-926D-885BC2376B3A}.Release|Any CPU.ActiveCfg = Release|Any CPU
		{367AE4FC-7361-4275-926D-885BC2376B3A}.Release|Any CPU.Build.0 = Release|Any CPU
	EndGlobalSection
	GlobalSection(SolutionProperties) = preSolution
		HideSolutionNode = FALSE
	EndGlobalSection
	GlobalSection(ExtensibilityGlobals) = postSolution
		SolutionGuid = {B9EAFBBD-70A3-440C-BC9B-96A91154C83C}
	EndGlobalSection
EndGlobal
