
Microsoft Visual Studio Solution File, Format Version 12.00
# Visual Studio Version 17
VisualStudioVersion = 17.4.33213.308
MinimumVisualStudioVersion = 10.0.40219.1
Project("{9A19103F-16F7-4668-BE54-9A1E7A4F7556}") = "DMXServer", "DMXServer.csproj", "{A9E30C56-87A4-4982-92AF-EE8F3C07E6DF}"
EndProject
Global
	GlobalSection(SolutionConfigurationPlatforms) = preSolution
		Debug|Any CPU = Debug|Any CPU
		Release|Any CPU = Release|Any CPU
	EndGlobalSection
	GlobalSection(ProjectConfigurationPlatforms) = postSolution
		{A9E30C56-87A4-4982-92AF-EE8F3C07E6DF}.Debug|Any CPU.ActiveCfg = Debug|Any CPU
		{A9E30C56-87A4-4982-92AF-EE8F3C07E6DF}.Debug|Any CPU.Build.0 = Debug|Any CPU
		{A9E30C56-87A4-4982-92AF-EE8F3C07E6DF}.Release|Any CPU.ActiveCfg = Release|Any CPU
		{A9E30C56-87A4-4982-92AF-EE8F3C07E6DF}.Release|Any CPU.Build.0 = Release|Any CPU
	EndGlobalSection
	GlobalSection(SolutionProperties) = preSolution
		HideSolutionNode = FALSE
	EndGlobalSection
	GlobalSection(ExtensibilityGlobals) = postSolution
		SolutionGuid = {265064D1-D6A2-41B0-9DDF-58218EFEEDDB}
	EndGlobalSection
EndGlobal
